
Microsoft Visual Studio Solution File, Format Version 12.00
# Visual Studio Version 16
VisualStudioVersion = 16.0.31321.278
MinimumVisualStudioVersion = 10.0.40219.1
Project("{FAE04EC0-301F-11D3-BF4B-00C04F79EFBC}") = "ctlDigitalLib", "..\..\PubSubTest\ctlDigitalLib\ctlDigitalLib.csproj", "{003D24F3-A729-4A1B-8BBF-6A5711354FD7}"
EndProject
Project("{FAE04EC0-301F-11D3-BF4B-00C04F79EFBC}") = "BreadboardSimulator", "SimpleSimulator\BreadboardSimulator.csproj", "{A7FE7C3D-FA1A-425E-BEA4-2BBF82B7457A}"
EndProject
Project("{9A19103F-16F7-4668-BE54-9A1E7A4F7556}") = "Assembler", "Assembler\Assembler.csproj", "{E3EE97E7-3AE9-4EFA-8439-B00A89B61516}"
EndProject
Global
	GlobalSection(SolutionConfigurationPlatforms) = preSolution
		Debug|Any CPU = Debug|Any CPU
		Release|Any CPU = Release|Any CPU
	EndGlobalSection
	GlobalSection(ProjectConfigurationPlatforms) = postSolution
		{003D24F3-A729-4A1B-8BBF-6A5711354FD7}.Debug|Any CPU.ActiveCfg = Debug|Any CPU
		{003D24F3-A729-4A1B-8BBF-6A5711354FD7}.Debug|Any CPU.Build.0 = Debug|Any CPU
		{003D24F3-A729-4A1B-8BBF-6A5711354FD7}.Release|Any CPU.ActiveCfg = Release|Any CPU
		{003D24F3-A729-4A1B-8BBF-6A5711354FD7}.Release|Any CPU.Build.0 = Release|Any CPU
		{A7FE7C3D-FA1A-425E-BEA4-2BBF82B7457A}.Debug|Any CPU.ActiveCfg = Debug|Any CPU
		{A7FE7C3D-FA1A-425E-BEA4-2BBF82B7457A}.Debug|Any CPU.Build.0 = Debug|Any CPU
		{A7FE7C3D-FA1A-425E-BEA4-2BBF82B7457A}.Release|Any CPU.ActiveCfg = Release|Any CPU
		{A7FE7C3D-FA1A-425E-BEA4-2BBF82B7457A}.Release|Any CPU.Build.0 = Release|Any CPU
		{E3EE97E7-3AE9-4EFA-8439-B00A89B61516}.Debug|Any CPU.ActiveCfg = Debug|Any CPU
		{E3EE97E7-3AE9-4EFA-8439-B00A89B61516}.Debug|Any CPU.Build.0 = Debug|Any CPU
		{E3EE97E7-3AE9-4EFA-8439-B00A89B61516}.Release|Any CPU.ActiveCfg = Release|Any CPU
		{E3EE97E7-3AE9-4EFA-8439-B00A89B61516}.Release|Any CPU.Build.0 = Release|Any CPU
	EndGlobalSection
	GlobalSection(SolutionProperties) = preSolution
		HideSolutionNode = FALSE
	EndGlobalSection
	GlobalSection(ExtensibilityGlobals) = postSolution
		SolutionGuid = {02241B44-2FE5-4BF5-A783-289710EC4E7B}
	EndGlobalSection
EndGlobal
